// !$*UTF8*$!
{
	archiveVersion = 1;
	classes = {
	};
	objectVersion = 56;
	objects = {

/* Begin PBXBuildFile section */
		1D3AF6FD00374880D7827B28 /* Pods_Pokedex_PokedexUITests.framework in Frameworks */ = {isa = PBXBuildFile; fileRef = 1A519F2697089D2BD4A4AB4B /* Pods_Pokedex_PokedexUITests.framework */; };
		3E5B89A9C3F521E9D882436B /* Pods_Pokedex.framework in Frameworks */ = {isa = PBXBuildFile; fileRef = FCD05548E04CE9C76193D90D /* Pods_Pokedex.framework */; };
		6E54187D2BE17448006A8F43 /* Resolve.swift in Sources */ = {isa = PBXBuildFile; fileRef = 6E54187C2BE17448006A8F43 /* Resolve.swift */; };
		6E54187E2BE17448006A8F43 /* Resolve.swift in Sources */ = {isa = PBXBuildFile; fileRef = 6E54187C2BE17448006A8F43 /* Resolve.swift */; };
		6E54187F2BE17448006A8F43 /* Resolve.swift in Sources */ = {isa = PBXBuildFile; fileRef = 6E54187C2BE17448006A8F43 /* Resolve.swift */; };
		6E6EA4152BE07869001993C9 /* NavigationAssembly.swift in Sources */ = {isa = PBXBuildFile; fileRef = 6E6EA40F2BE07869001993C9 /* NavigationAssembly.swift */; };
		6E6EA4162BE07869001993C9 /* NavigationAssembly.swift in Sources */ = {isa = PBXBuildFile; fileRef = 6E6EA40F2BE07869001993C9 /* NavigationAssembly.swift */; };
		6E6EA4172BE07869001993C9 /* NavigationAssembly.swift in Sources */ = {isa = PBXBuildFile; fileRef = 6E6EA40F2BE07869001993C9 /* NavigationAssembly.swift */; };
		6E6EA41E2BE07869001993C9 /* Navigator.swift in Sources */ = {isa = PBXBuildFile; fileRef = 6E6EA4122BE07869001993C9 /* Navigator.swift */; };
		6E6EA41F2BE07869001993C9 /* Navigator.swift in Sources */ = {isa = PBXBuildFile; fileRef = 6E6EA4122BE07869001993C9 /* Navigator.swift */; };
		6E6EA4202BE07869001993C9 /* Navigator.swift in Sources */ = {isa = PBXBuildFile; fileRef = 6E6EA4122BE07869001993C9 /* Navigator.swift */; };
		6E6EA4212BE07869001993C9 /* Screen.swift in Sources */ = {isa = PBXBuildFile; fileRef = 6E6EA4132BE07869001993C9 /* Screen.swift */; };
		6E6EA4222BE07869001993C9 /* Screen.swift in Sources */ = {isa = PBXBuildFile; fileRef = 6E6EA4132BE07869001993C9 /* Screen.swift */; };
		6E6EA4232BE07869001993C9 /* Screen.swift in Sources */ = {isa = PBXBuildFile; fileRef = 6E6EA4132BE07869001993C9 /* Screen.swift */; };
		6E6EA4272BE078C4001993C9 /* Assembler.swift in Sources */ = {isa = PBXBuildFile; fileRef = 6E6EA4242BE078C4001993C9 /* Assembler.swift */; };
		6E6EA4282BE078C4001993C9 /* Assembler.swift in Sources */ = {isa = PBXBuildFile; fileRef = 6E6EA4242BE078C4001993C9 /* Assembler.swift */; };
		6E6EA4292BE078C4001993C9 /* Assembler.swift in Sources */ = {isa = PBXBuildFile; fileRef = 6E6EA4242BE078C4001993C9 /* Assembler.swift */; };
		6E6EA42A2BE078C4001993C9 /* Inject.swift in Sources */ = {isa = PBXBuildFile; fileRef = 6E6EA4252BE078C4001993C9 /* Inject.swift */; };
		6E6EA42B2BE078C4001993C9 /* Inject.swift in Sources */ = {isa = PBXBuildFile; fileRef = 6E6EA4252BE078C4001993C9 /* Inject.swift */; };
		6E6EA42C2BE078C4001993C9 /* Inject.swift in Sources */ = {isa = PBXBuildFile; fileRef = 6E6EA4252BE078C4001993C9 /* Inject.swift */; };
		6E6EA42E2BE0831A001993C9 /* SplashScreenViewModel.swift in Sources */ = {isa = PBXBuildFile; fileRef = 6E6EA42D2BE0831A001993C9 /* SplashScreenViewModel.swift */; };
		6E6EA42F2BE0831A001993C9 /* SplashScreenViewModel.swift in Sources */ = {isa = PBXBuildFile; fileRef = 6E6EA42D2BE0831A001993C9 /* SplashScreenViewModel.swift */; };
		6E6EA4302BE0831A001993C9 /* SplashScreenViewModel.swift in Sources */ = {isa = PBXBuildFile; fileRef = 6E6EA42D2BE0831A001993C9 /* SplashScreenViewModel.swift */; };
		6E96E5442BE1E1F300CDB000 /* HomeScreen.swift in Sources */ = {isa = PBXBuildFile; fileRef = 6E96E5432BE1E1F300CDB000 /* HomeScreen.swift */; };
		6EE5285D2BE05553003E076B /* animation.gif in Resources */ = {isa = PBXBuildFile; fileRef = 6EE5285B2BE05553003E076B /* animation.gif */; };
		6EE5285E2BE05553003E076B /* animation.gif in Resources */ = {isa = PBXBuildFile; fileRef = 6EE5285B2BE05553003E076B /* animation.gif */; };
		6EE5285F2BE05553003E076B /* animation.gif in Resources */ = {isa = PBXBuildFile; fileRef = 6EE5285B2BE05553003E076B /* animation.gif */; };
		6EE528602BE05553003E076B /* pokedex.png in Resources */ = {isa = PBXBuildFile; fileRef = 6EE5285C2BE05553003E076B /* pokedex.png */; };
		6EE528612BE05553003E076B /* pokedex.png in Resources */ = {isa = PBXBuildFile; fileRef = 6EE5285C2BE05553003E076B /* pokedex.png */; };
		6EE528622BE05553003E076B /* pokedex.png in Resources */ = {isa = PBXBuildFile; fileRef = 6EE5285C2BE05553003E076B /* pokedex.png */; };
		6EE528652BE0569E003E076B /* GifImage.swift in Sources */ = {isa = PBXBuildFile; fileRef = 6EE528642BE0569E003E076B /* GifImage.swift */; };
		6EE528662BE0569E003E076B /* GifImage.swift in Sources */ = {isa = PBXBuildFile; fileRef = 6EE528642BE0569E003E076B /* GifImage.swift */; };
		6EE528672BE0569E003E076B /* GifImage.swift in Sources */ = {isa = PBXBuildFile; fileRef = 6EE528642BE0569E003E076B /* GifImage.swift */; };
		6EE5286A2BE057D7003E076B /* SplashScreen.swift in Sources */ = {isa = PBXBuildFile; fileRef = 6EE528692BE057D7003E076B /* SplashScreen.swift */; };
		6EE5286B2BE057D7003E076B /* SplashScreen.swift in Sources */ = {isa = PBXBuildFile; fileRef = 6EE528692BE057D7003E076B /* SplashScreen.swift */; };
		6EE5286C2BE057D7003E076B /* SplashScreen.swift in Sources */ = {isa = PBXBuildFile; fileRef = 6EE528692BE057D7003E076B /* SplashScreen.swift */; };
		6EF1F1912BDF241000A823DF /* PokedexApp.swift in Sources */ = {isa = PBXBuildFile; fileRef = 6EF1F1902BDF241000A823DF /* PokedexApp.swift */; };
		6EF1F1972BDF241100A823DF /* Assets.xcassets in Resources */ = {isa = PBXBuildFile; fileRef = 6EF1F1962BDF241100A823DF /* Assets.xcassets */; };
		6EF1F19A2BDF241100A823DF /* Preview Assets.xcassets in Resources */ = {isa = PBXBuildFile; fileRef = 6EF1F1992BDF241100A823DF /* Preview Assets.xcassets */; };
		6EF1F1A42BDF241100A823DF /* PokedexTests.swift in Sources */ = {isa = PBXBuildFile; fileRef = 6EF1F1A32BDF241100A823DF /* PokedexTests.swift */; };
		6EF1F1AE2BDF241100A823DF /* PokedexUITests.swift in Sources */ = {isa = PBXBuildFile; fileRef = 6EF1F1AD2BDF241100A823DF /* PokedexUITests.swift */; };
		6EF1F1B02BDF241100A823DF /* PokedexUITestsLaunchTests.swift in Sources */ = {isa = PBXBuildFile; fileRef = 6EF1F1AF2BDF241100A823DF /* PokedexUITestsLaunchTests.swift */; };
		D4F7BFA16DDBF233BA1BE035 /* Pods_PokedexTests.framework in Frameworks */ = {isa = PBXBuildFile; fileRef = 1F29573DC0629E3F1C40C5FC /* Pods_PokedexTests.framework */; };
/* End PBXBuildFile section */

/* Begin PBXContainerItemProxy section */
		6EF1F1A02BDF241100A823DF /* PBXContainerItemProxy */ = {
			isa = PBXContainerItemProxy;
			containerPortal = 6EF1F1852BDF241000A823DF /* Project object */;
			proxyType = 1;
			remoteGlobalIDString = 6EF1F18C2BDF241000A823DF;
			remoteInfo = Pokedex;
		};
		6EF1F1AA2BDF241100A823DF /* PBXContainerItemProxy */ = {
			isa = PBXContainerItemProxy;
			containerPortal = 6EF1F1852BDF241000A823DF /* Project object */;
			proxyType = 1;
			remoteGlobalIDString = 6EF1F18C2BDF241000A823DF;
			remoteInfo = Pokedex;
		};
/* End PBXContainerItemProxy section */

/* Begin PBXFileReference section */
		1A519F2697089D2BD4A4AB4B /* Pods_Pokedex_PokedexUITests.framework */ = {isa = PBXFileReference; explicitFileType = wrapper.framework; includeInIndex = 0; path = Pods_Pokedex_PokedexUITests.framework; sourceTree = BUILT_PRODUCTS_DIR; };
		1F29573DC0629E3F1C40C5FC /* Pods_PokedexTests.framework */ = {isa = PBXFileReference; explicitFileType = wrapper.framework; includeInIndex = 0; path = Pods_PokedexTests.framework; sourceTree = BUILT_PRODUCTS_DIR; };
		6E54187C2BE17448006A8F43 /* Resolve.swift */ = {isa = PBXFileReference; lastKnownFileType = sourcecode.swift; path = Resolve.swift; sourceTree = "<group>"; };
		6E6EA40F2BE07869001993C9 /* NavigationAssembly.swift */ = {isa = PBXFileReference; fileEncoding = 4; lastKnownFileType = sourcecode.swift; path = NavigationAssembly.swift; sourceTree = "<group>"; };
		6E6EA4122BE07869001993C9 /* Navigator.swift */ = {isa = PBXFileReference; fileEncoding = 4; lastKnownFileType = sourcecode.swift; path = Navigator.swift; sourceTree = "<group>"; };
		6E6EA4132BE07869001993C9 /* Screen.swift */ = {isa = PBXFileReference; fileEncoding = 4; lastKnownFileType = sourcecode.swift; path = Screen.swift; sourceTree = "<group>"; };
		6E6EA4242BE078C4001993C9 /* Assembler.swift */ = {isa = PBXFileReference; fileEncoding = 4; lastKnownFileType = sourcecode.swift; path = Assembler.swift; sourceTree = "<group>"; };
		6E6EA4252BE078C4001993C9 /* Inject.swift */ = {isa = PBXFileReference; fileEncoding = 4; lastKnownFileType = sourcecode.swift; path = Inject.swift; sourceTree = "<group>"; };
		6E6EA42D2BE0831A001993C9 /* SplashScreenViewModel.swift */ = {isa = PBXFileReference; lastKnownFileType = sourcecode.swift; path = SplashScreenViewModel.swift; sourceTree = "<group>"; };
		6E96E5432BE1E1F300CDB000 /* HomeScreen.swift */ = {isa = PBXFileReference; lastKnownFileType = sourcecode.swift; path = HomeScreen.swift; sourceTree = "<group>"; };
		6EE5285B2BE05553003E076B /* animation.gif */ = {isa = PBXFileReference; lastKnownFileType = image.gif; path = animation.gif; sourceTree = "<group>"; };
		6EE5285C2BE05553003E076B /* pokedex.png */ = {isa = PBXFileReference; lastKnownFileType = image.png; path = pokedex.png; sourceTree = "<group>"; };
		6EE528642BE0569E003E076B /* GifImage.swift */ = {isa = PBXFileReference; lastKnownFileType = sourcecode.swift; path = GifImage.swift; sourceTree = "<group>"; };
		6EE528692BE057D7003E076B /* SplashScreen.swift */ = {isa = PBXFileReference; lastKnownFileType = sourcecode.swift; path = SplashScreen.swift; sourceTree = "<group>"; };
		6EF1F18D2BDF241000A823DF /* Pokedex.app */ = {isa = PBXFileReference; explicitFileType = wrapper.application; includeInIndex = 0; path = Pokedex.app; sourceTree = BUILT_PRODUCTS_DIR; };
		6EF1F1902BDF241000A823DF /* PokedexApp.swift */ = {isa = PBXFileReference; lastKnownFileType = sourcecode.swift; path = PokedexApp.swift; sourceTree = "<group>"; };
		6EF1F1962BDF241100A823DF /* Assets.xcassets */ = {isa = PBXFileReference; lastKnownFileType = folder.assetcatalog; path = Assets.xcassets; sourceTree = "<group>"; };
		6EF1F1992BDF241100A823DF /* Preview Assets.xcassets */ = {isa = PBXFileReference; lastKnownFileType = folder.assetcatalog; path = "Preview Assets.xcassets"; sourceTree = "<group>"; };
		6EF1F19F2BDF241100A823DF /* PokedexTests.xctest */ = {isa = PBXFileReference; explicitFileType = wrapper.cfbundle; includeInIndex = 0; path = PokedexTests.xctest; sourceTree = BUILT_PRODUCTS_DIR; };
		6EF1F1A32BDF241100A823DF /* PokedexTests.swift */ = {isa = PBXFileReference; lastKnownFileType = sourcecode.swift; path = PokedexTests.swift; sourceTree = "<group>"; };
		6EF1F1A92BDF241100A823DF /* PokedexUITests.xctest */ = {isa = PBXFileReference; explicitFileType = wrapper.cfbundle; includeInIndex = 0; path = PokedexUITests.xctest; sourceTree = BUILT_PRODUCTS_DIR; };
		6EF1F1AD2BDF241100A823DF /* PokedexUITests.swift */ = {isa = PBXFileReference; lastKnownFileType = sourcecode.swift; path = PokedexUITests.swift; sourceTree = "<group>"; };
		6EF1F1AF2BDF241100A823DF /* PokedexUITestsLaunchTests.swift */ = {isa = PBXFileReference; lastKnownFileType = sourcecode.swift; path = PokedexUITestsLaunchTests.swift; sourceTree = "<group>"; };
		71F619EACBF5BD30195C42C4 /* Pods-PokedexTests.debug.xcconfig */ = {isa = PBXFileReference; includeInIndex = 1; lastKnownFileType = text.xcconfig; name = "Pods-PokedexTests.debug.xcconfig"; path = "Target Support Files/Pods-PokedexTests/Pods-PokedexTests.debug.xcconfig"; sourceTree = "<group>"; };
		78E63E53F903BBFA62C211F9 /* Pods-Pokedex-PokedexUITests.debug.xcconfig */ = {isa = PBXFileReference; includeInIndex = 1; lastKnownFileType = text.xcconfig; name = "Pods-Pokedex-PokedexUITests.debug.xcconfig"; path = "Target Support Files/Pods-Pokedex-PokedexUITests/Pods-Pokedex-PokedexUITests.debug.xcconfig"; sourceTree = "<group>"; };
		A409896C9722E40BA05C350B /* Pods-PokedexTests.release.xcconfig */ = {isa = PBXFileReference; includeInIndex = 1; lastKnownFileType = text.xcconfig; name = "Pods-PokedexTests.release.xcconfig"; path = "Target Support Files/Pods-PokedexTests/Pods-PokedexTests.release.xcconfig"; sourceTree = "<group>"; };
		B2F658E36C254571A2C562AB /* Pods-Pokedex-PokedexUITests.release.xcconfig */ = {isa = PBXFileReference; includeInIndex = 1; lastKnownFileType = text.xcconfig; name = "Pods-Pokedex-PokedexUITests.release.xcconfig"; path = "Target Support Files/Pods-Pokedex-PokedexUITests/Pods-Pokedex-PokedexUITests.release.xcconfig"; sourceTree = "<group>"; };
		F46F2FB3D0C2E5CC10300420 /* Pods-Pokedex.debug.xcconfig */ = {isa = PBXFileReference; includeInIndex = 1; lastKnownFileType = text.xcconfig; name = "Pods-Pokedex.debug.xcconfig"; path = "Target Support Files/Pods-Pokedex/Pods-Pokedex.debug.xcconfig"; sourceTree = "<group>"; };
		F947CADE6B4B2DCDB2196A41 /* Pods-Pokedex.release.xcconfig */ = {isa = PBXFileReference; includeInIndex = 1; lastKnownFileType = text.xcconfig; name = "Pods-Pokedex.release.xcconfig"; path = "Target Support Files/Pods-Pokedex/Pods-Pokedex.release.xcconfig"; sourceTree = "<group>"; };
		FCD05548E04CE9C76193D90D /* Pods_Pokedex.framework */ = {isa = PBXFileReference; explicitFileType = wrapper.framework; includeInIndex = 0; path = Pods_Pokedex.framework; sourceTree = BUILT_PRODUCTS_DIR; };
/* End PBXFileReference section */

/* Begin PBXFrameworksBuildPhase section */
		6EF1F18A2BDF241000A823DF /* Frameworks */ = {
			isa = PBXFrameworksBuildPhase;
			buildActionMask = 2147483647;
			files = (
				3E5B89A9C3F521E9D882436B /* Pods_Pokedex.framework in Frameworks */,
			);
			runOnlyForDeploymentPostprocessing = 0;
		};
		6EF1F19C2BDF241100A823DF /* Frameworks */ = {
			isa = PBXFrameworksBuildPhase;
			buildActionMask = 2147483647;
			files = (
				D4F7BFA16DDBF233BA1BE035 /* Pods_PokedexTests.framework in Frameworks */,
			);
			runOnlyForDeploymentPostprocessing = 0;
		};
		6EF1F1A62BDF241100A823DF /* Frameworks */ = {
			isa = PBXFrameworksBuildPhase;
			buildActionMask = 2147483647;
			files = (
				1D3AF6FD00374880D7827B28 /* Pods_Pokedex_PokedexUITests.framework in Frameworks */,
			);
			runOnlyForDeploymentPostprocessing = 0;
		};
/* End PBXFrameworksBuildPhase section */

/* Begin PBXGroup section */
		6E6EA4142BE07869001993C9 /* Navigation */ = {
			isa = PBXGroup;
			children = (
				6E6EA40F2BE07869001993C9 /* NavigationAssembly.swift */,
				6E6EA4122BE07869001993C9 /* Navigator.swift */,
				6E6EA4132BE07869001993C9 /* Screen.swift */,
			);
			path = Navigation;
			sourceTree = "<group>";
		};
		6E6EA4262BE078C4001993C9 /* Dependency Injection */ = {
			isa = PBXGroup;
			children = (
				6E6EA4242BE078C4001993C9 /* Assembler.swift */,
				6E6EA4252BE078C4001993C9 /* Inject.swift */,
				6E54187C2BE17448006A8F43 /* Resolve.swift */,
			);
			path = "Dependency Injection";
			sourceTree = "<group>";
		};
		6E96E5422BE1E1B200CDB000 /* HomeScreen */ = {
			isa = PBXGroup;
			children = (
				6E96E5432BE1E1F300CDB000 /* HomeScreen.swift */,
			);
			path = HomeScreen;
			sourceTree = "<group>";
		};
		6EE528112BDF2DB8003E076B /* Resources */ = {
			isa = PBXGroup;
			children = (
				6EE5285B2BE05553003E076B /* animation.gif */,
				6EE5285C2BE05553003E076B /* pokedex.png */,
				6EF1F1962BDF241100A823DF /* Assets.xcassets */,
			);
			path = Resources;
			sourceTree = "<group>";
		};
		6EE528132BDF2DF2003E076B /* App */ = {
			isa = PBXGroup;
			children = (
				6EF1F1902BDF241000A823DF /* PokedexApp.swift */,
			);
			path = App;
			sourceTree = "<group>";
		};
		6EE528502BE0065A003E076B /* Shared */ = {
			isa = PBXGroup;
			children = (
				6E6EA4262BE078C4001993C9 /* Dependency Injection */,
				6E6EA4142BE07869001993C9 /* Navigation */,
				6EE528632BE05689003E076B /* Components */,
			);
			path = Shared;
			sourceTree = "<group>";
		};
		6EE5285A2BE054C5003E076B /* Features */ = {
			isa = PBXGroup;
			children = (
				6EE528682BE057B7003E076B /* SplashScreen */,
				6E96E5422BE1E1B200CDB000 /* HomeScreen */,
			);
			path = Features;
			sourceTree = "<group>";
		};
		6EE528632BE05689003E076B /* Components */ = {
			isa = PBXGroup;
			children = (
				6EE528642BE0569E003E076B /* GifImage.swift */,
			);
			path = Components;
			sourceTree = "<group>";
		};
		6EE528682BE057B7003E076B /* SplashScreen */ = {
			isa = PBXGroup;
			children = (
				6EE528692BE057D7003E076B /* SplashScreen.swift */,
				6E6EA42D2BE0831A001993C9 /* SplashScreenViewModel.swift */,
			);
			path = SplashScreen;
			sourceTree = "<group>";
		};
		6EF1F1842BDF241000A823DF = {
			isa = PBXGroup;
			children = (
				6EF1F18F2BDF241000A823DF /* Pokedex */,
				6EF1F1A22BDF241100A823DF /* PokedexTests */,
				6EF1F1AC2BDF241100A823DF /* PokedexUITests */,
				6EF1F18E2BDF241000A823DF /* Products */,
				9B0C82547DBC97DF6FDD0E45 /* Pods */,
				E0CD09FBF748A955622CB653 /* Frameworks */,
			);
			sourceTree = "<group>";
		};
		6EF1F18E2BDF241000A823DF /* Products */ = {
			isa = PBXGroup;
			children = (
				6EF1F18D2BDF241000A823DF /* Pokedex.app */,
				6EF1F19F2BDF241100A823DF /* PokedexTests.xctest */,
				6EF1F1A92BDF241100A823DF /* PokedexUITests.xctest */,
			);
			name = Products;
			sourceTree = "<group>";
		};
		6EF1F18F2BDF241000A823DF /* Pokedex */ = {
			isa = PBXGroup;
			children = (
				6EE528132BDF2DF2003E076B /* App */,
				6EE528112BDF2DB8003E076B /* Resources */,
				6EF1F1982BDF241100A823DF /* Preview Content */,
				6EE528502BE0065A003E076B /* Shared */,
				6EE5285A2BE054C5003E076B /* Features */,
			);
			path = Pokedex;
			sourceTree = "<group>";
		};
		6EF1F1982BDF241100A823DF /* Preview Content */ = {
			isa = PBXGroup;
			children = (
				6EF1F1992BDF241100A823DF /* Preview Assets.xcassets */,
			);
			path = "Preview Content";
			sourceTree = "<group>";
		};
		6EF1F1A22BDF241100A823DF /* PokedexTests */ = {
			isa = PBXGroup;
			children = (
				6EF1F1A32BDF241100A823DF /* PokedexTests.swift */,
			);
			path = PokedexTests;
			sourceTree = "<group>";
		};
		6EF1F1AC2BDF241100A823DF /* PokedexUITests */ = {
			isa = PBXGroup;
			children = (
				6EF1F1AD2BDF241100A823DF /* PokedexUITests.swift */,
				6EF1F1AF2BDF241100A823DF /* PokedexUITestsLaunchTests.swift */,
			);
			path = PokedexUITests;
			sourceTree = "<group>";
		};
		9B0C82547DBC97DF6FDD0E45 /* Pods */ = {
			isa = PBXGroup;
			children = (
				F46F2FB3D0C2E5CC10300420 /* Pods-Pokedex.debug.xcconfig */,
				F947CADE6B4B2DCDB2196A41 /* Pods-Pokedex.release.xcconfig */,
				78E63E53F903BBFA62C211F9 /* Pods-Pokedex-PokedexUITests.debug.xcconfig */,
				B2F658E36C254571A2C562AB /* Pods-Pokedex-PokedexUITests.release.xcconfig */,
				71F619EACBF5BD30195C42C4 /* Pods-PokedexTests.debug.xcconfig */,
				A409896C9722E40BA05C350B /* Pods-PokedexTests.release.xcconfig */,
			);
			path = Pods;
			sourceTree = "<group>";
		};
		E0CD09FBF748A955622CB653 /* Frameworks */ = {
			isa = PBXGroup;
			children = (
				FCD05548E04CE9C76193D90D /* Pods_Pokedex.framework */,
				1A519F2697089D2BD4A4AB4B /* Pods_Pokedex_PokedexUITests.framework */,
				1F29573DC0629E3F1C40C5FC /* Pods_PokedexTests.framework */,
			);
			name = Frameworks;
			sourceTree = "<group>";
		};
/* End PBXGroup section */

/* Begin PBXNativeTarget section */
		6EF1F18C2BDF241000A823DF /* Pokedex */ = {
			isa = PBXNativeTarget;
			buildConfigurationList = 6EF1F1B32BDF241100A823DF /* Build configuration list for PBXNativeTarget "Pokedex" */;
			buildPhases = (
				F1C808E279EFBB45D2700696 /* [CP] Check Pods Manifest.lock */,
				6EF1F1892BDF241000A823DF /* Sources */,
				6EF1F18A2BDF241000A823DF /* Frameworks */,
				6EF1F18B2BDF241000A823DF /* Resources */,
				2F3751660C9B520197662740 /* [CP] Embed Pods Frameworks */,
			);
			buildRules = (
			);
			dependencies = (
			);
			name = Pokedex;
			productName = Pokedex;
			productReference = 6EF1F18D2BDF241000A823DF /* Pokedex.app */;
			productType = "com.apple.product-type.application";
		};
		6EF1F19E2BDF241100A823DF /* PokedexTests */ = {
			isa = PBXNativeTarget;
			buildConfigurationList = 6EF1F1B62BDF241100A823DF /* Build configuration list for PBXNativeTarget "PokedexTests" */;
			buildPhases = (
				7AE5F1F75FFDB29DFABAEA71 /* [CP] Check Pods Manifest.lock */,
				6EF1F19B2BDF241100A823DF /* Sources */,
				6EF1F19C2BDF241100A823DF /* Frameworks */,
				6EF1F19D2BDF241100A823DF /* Resources */,
			);
			buildRules = (
			);
			dependencies = (
				6EF1F1A12BDF241100A823DF /* PBXTargetDependency */,
			);
			name = PokedexTests;
			productName = PokedexTests;
			productReference = 6EF1F19F2BDF241100A823DF /* PokedexTests.xctest */;
			productType = "com.apple.product-type.bundle.unit-test";
		};
		6EF1F1A82BDF241100A823DF /* PokedexUITests */ = {
			isa = PBXNativeTarget;
			buildConfigurationList = 6EF1F1B92BDF241100A823DF /* Build configuration list for PBXNativeTarget "PokedexUITests" */;
			buildPhases = (
				924CF2499200E4CA3D397762 /* [CP] Check Pods Manifest.lock */,
				6EF1F1A52BDF241100A823DF /* Sources */,
				6EF1F1A62BDF241100A823DF /* Frameworks */,
				6EF1F1A72BDF241100A823DF /* Resources */,
				85CD4B9B87FDED51E7B301AE /* [CP] Embed Pods Frameworks */,
			);
			buildRules = (
			);
			dependencies = (
				6EF1F1AB2BDF241100A823DF /* PBXTargetDependency */,
			);
			name = PokedexUITests;
			productName = PokedexUITests;
			productReference = 6EF1F1A92BDF241100A823DF /* PokedexUITests.xctest */;
			productType = "com.apple.product-type.bundle.ui-testing";
		};
/* End PBXNativeTarget section */

/* Begin PBXProject section */
		6EF1F1852BDF241000A823DF /* Project object */ = {
			isa = PBXProject;
			attributes = {
				BuildIndependentTargetsInParallel = 1;
				LastSwiftUpdateCheck = 1530;
				LastUpgradeCheck = 1530;
				TargetAttributes = {
					6EF1F18C2BDF241000A823DF = {
						CreatedOnToolsVersion = 15.3;
					};
					6EF1F19E2BDF241100A823DF = {
						CreatedOnToolsVersion = 15.3;
						TestTargetID = 6EF1F18C2BDF241000A823DF;
					};
					6EF1F1A82BDF241100A823DF = {
						CreatedOnToolsVersion = 15.3;
						TestTargetID = 6EF1F18C2BDF241000A823DF;
					};
				};
			};
			buildConfigurationList = 6EF1F1882BDF241000A823DF /* Build configuration list for PBXProject "Pokedex" */;
			compatibilityVersion = "Xcode 14.0";
			developmentRegion = en;
			hasScannedForEncodings = 0;
			knownRegions = (
				en,
				Base,
			);
			mainGroup = 6EF1F1842BDF241000A823DF;
			productRefGroup = 6EF1F18E2BDF241000A823DF /* Products */;
			projectDirPath = "";
			projectRoot = "";
			targets = (
				6EF1F18C2BDF241000A823DF /* Pokedex */,
				6EF1F19E2BDF241100A823DF /* PokedexTests */,
				6EF1F1A82BDF241100A823DF /* PokedexUITests */,
			);
		};
/* End PBXProject section */

/* Begin PBXResourcesBuildPhase section */
		6EF1F18B2BDF241000A823DF /* Resources */ = {
			isa = PBXResourcesBuildPhase;
			buildActionMask = 2147483647;
			files = (
				6EF1F19A2BDF241100A823DF /* Preview Assets.xcassets in Resources */,
				6EE5285D2BE05553003E076B /* animation.gif in Resources */,
				6EE528602BE05553003E076B /* pokedex.png in Resources */,
				6EF1F1972BDF241100A823DF /* Assets.xcassets in Resources */,
			);
			runOnlyForDeploymentPostprocessing = 0;
		};
		6EF1F19D2BDF241100A823DF /* Resources */ = {
			isa = PBXResourcesBuildPhase;
			buildActionMask = 2147483647;
			files = (
				6EE528612BE05553003E076B /* pokedex.png in Resources */,
				6EE5285E2BE05553003E076B /* animation.gif in Resources */,
			);
			runOnlyForDeploymentPostprocessing = 0;
		};
		6EF1F1A72BDF241100A823DF /* Resources */ = {
			isa = PBXResourcesBuildPhase;
			buildActionMask = 2147483647;
			files = (
				6EE528622BE05553003E076B /* pokedex.png in Resources */,
				6EE5285F2BE05553003E076B /* animation.gif in Resources */,
			);
			runOnlyForDeploymentPostprocessing = 0;
		};
/* End PBXResourcesBuildPhase section */

/* Begin PBXShellScriptBuildPhase section */
		2F3751660C9B520197662740 /* [CP] Embed Pods Frameworks */ = {
			isa = PBXShellScriptBuildPhase;
			buildActionMask = 2147483647;
			files = (
			);
			inputFileListPaths = (
				"${PODS_ROOT}/Target Support Files/Pods-Pokedex/Pods-Pokedex-frameworks-${CONFIGURATION}-input-files.xcfilelist",
			);
			name = "[CP] Embed Pods Frameworks";
			outputFileListPaths = (
				"${PODS_ROOT}/Target Support Files/Pods-Pokedex/Pods-Pokedex-frameworks-${CONFIGURATION}-output-files.xcfilelist",
			);
			runOnlyForDeploymentPostprocessing = 0;
			shellPath = /bin/sh;
			shellScript = "\"${PODS_ROOT}/Target Support Files/Pods-Pokedex/Pods-Pokedex-frameworks.sh\"\n";
			showEnvVarsInLog = 0;
		};
		7AE5F1F75FFDB29DFABAEA71 /* [CP] Check Pods Manifest.lock */ = {
			isa = PBXShellScriptBuildPhase;
			buildActionMask = 2147483647;
			files = (
			);
			inputFileListPaths = (
			);
			inputPaths = (
				"${PODS_PODFILE_DIR_PATH}/Podfile.lock",
				"${PODS_ROOT}/Manifest.lock",
			);
			name = "[CP] Check Pods Manifest.lock";
			outputFileListPaths = (
			);
			outputPaths = (
				"$(DERIVED_FILE_DIR)/Pods-PokedexTests-checkManifestLockResult.txt",
			);
			runOnlyForDeploymentPostprocessing = 0;
			shellPath = /bin/sh;
			shellScript = "diff \"${PODS_PODFILE_DIR_PATH}/Podfile.lock\" \"${PODS_ROOT}/Manifest.lock\" > /dev/null\nif [ $? != 0 ] ; then\n    # print error to STDERR\n    echo \"error: The sandbox is not in sync with the Podfile.lock. Run 'pod install' or update your CocoaPods installation.\" >&2\n    exit 1\nfi\n# This output is used by Xcode 'outputs' to avoid re-running this script phase.\necho \"SUCCESS\" > \"${SCRIPT_OUTPUT_FILE_0}\"\n";
			showEnvVarsInLog = 0;
		};
		85CD4B9B87FDED51E7B301AE /* [CP] Embed Pods Frameworks */ = {
			isa = PBXShellScriptBuildPhase;
			buildActionMask = 2147483647;
			files = (
			);
			inputFileListPaths = (
				"${PODS_ROOT}/Target Support Files/Pods-Pokedex-PokedexUITests/Pods-Pokedex-PokedexUITests-frameworks-${CONFIGURATION}-input-files.xcfilelist",
			);
			name = "[CP] Embed Pods Frameworks";
			outputFileListPaths = (
				"${PODS_ROOT}/Target Support Files/Pods-Pokedex-PokedexUITests/Pods-Pokedex-PokedexUITests-frameworks-${CONFIGURATION}-output-files.xcfilelist",
			);
			runOnlyForDeploymentPostprocessing = 0;
			shellPath = /bin/sh;
			shellScript = "\"${PODS_ROOT}/Target Support Files/Pods-Pokedex-PokedexUITests/Pods-Pokedex-PokedexUITests-frameworks.sh\"\n";
			showEnvVarsInLog = 0;
		};
		924CF2499200E4CA3D397762 /* [CP] Check Pods Manifest.lock */ = {
			isa = PBXShellScriptBuildPhase;
			buildActionMask = 2147483647;
			files = (
			);
			inputFileListPaths = (
			);
			inputPaths = (
				"${PODS_PODFILE_DIR_PATH}/Podfile.lock",
				"${PODS_ROOT}/Manifest.lock",
			);
			name = "[CP] Check Pods Manifest.lock";
			outputFileListPaths = (
			);
			outputPaths = (
				"$(DERIVED_FILE_DIR)/Pods-Pokedex-PokedexUITests-checkManifestLockResult.txt",
			);
			runOnlyForDeploymentPostprocessing = 0;
			shellPath = /bin/sh;
			shellScript = "diff \"${PODS_PODFILE_DIR_PATH}/Podfile.lock\" \"${PODS_ROOT}/Manifest.lock\" > /dev/null\nif [ $? != 0 ] ; then\n    # print error to STDERR\n    echo \"error: The sandbox is not in sync with the Podfile.lock. Run 'pod install' or update your CocoaPods installation.\" >&2\n    exit 1\nfi\n# This output is used by Xcode 'outputs' to avoid re-running this script phase.\necho \"SUCCESS\" > \"${SCRIPT_OUTPUT_FILE_0}\"\n";
			showEnvVarsInLog = 0;
		};
		F1C808E279EFBB45D2700696 /* [CP] Check Pods Manifest.lock */ = {
			isa = PBXShellScriptBuildPhase;
			buildActionMask = 2147483647;
			files = (
			);
			inputFileListPaths = (
			);
			inputPaths = (
				"${PODS_PODFILE_DIR_PATH}/Podfile.lock",
				"${PODS_ROOT}/Manifest.lock",
			);
			name = "[CP] Check Pods Manifest.lock";
			outputFileListPaths = (
			);
			outputPaths = (
				"$(DERIVED_FILE_DIR)/Pods-Pokedex-checkManifestLockResult.txt",
			);
			runOnlyForDeploymentPostprocessing = 0;
			shellPath = /bin/sh;
			shellScript = "diff \"${PODS_PODFILE_DIR_PATH}/Podfile.lock\" \"${PODS_ROOT}/Manifest.lock\" > /dev/null\nif [ $? != 0 ] ; then\n    # print error to STDERR\n    echo \"error: The sandbox is not in sync with the Podfile.lock. Run 'pod install' or update your CocoaPods installation.\" >&2\n    exit 1\nfi\n# This output is used by Xcode 'outputs' to avoid re-running this script phase.\necho \"SUCCESS\" > \"${SCRIPT_OUTPUT_FILE_0}\"\n";
			showEnvVarsInLog = 0;
		};
/* End PBXShellScriptBuildPhase section */

/* Begin PBXSourcesBuildPhase section */
		6EF1F1892BDF241000A823DF /* Sources */ = {
			isa = PBXSourcesBuildPhase;
			buildActionMask = 2147483647;
			files = (
				6EE5286A2BE057D7003E076B /* SplashScreen.swift in Sources */,
				6E6EA4272BE078C4001993C9 /* Assembler.swift in Sources */,
				6E6EA42E2BE0831A001993C9 /* SplashScreenViewModel.swift in Sources */,
				6E6EA41E2BE07869001993C9 /* Navigator.swift in Sources */,
				6E96E5442BE1E1F300CDB000 /* HomeScreen.swift in Sources */,
				6E54187D2BE17448006A8F43 /* Resolve.swift in Sources */,
				6E6EA4212BE07869001993C9 /* Screen.swift in Sources */,
				6E6EA42A2BE078C4001993C9 /* Inject.swift in Sources */,
				6E6EA4152BE07869001993C9 /* NavigationAssembly.swift in Sources */,
				6EF1F1912BDF241000A823DF /* PokedexApp.swift in Sources */,
				6EE528652BE0569E003E076B /* GifImage.swift in Sources */,
			);
			runOnlyForDeploymentPostprocessing = 0;
		};
		6EF1F19B2BDF241100A823DF /* Sources */ = {
			isa = PBXSourcesBuildPhase;
			buildActionMask = 2147483647;
			files = (
				6E6EA42B2BE078C4001993C9 /* Inject.swift in Sources */,
				6E6EA41F2BE07869001993C9 /* Navigator.swift in Sources */,
				6EE5286B2BE057D7003E076B /* SplashScreen.swift in Sources */,
				6E6EA42F2BE0831A001993C9 /* SplashScreenViewModel.swift in Sources */,
				6E6EA4282BE078C4001993C9 /* Assembler.swift in Sources */,
				6E6EA4222BE07869001993C9 /* Screen.swift in Sources */,
				6E6EA4162BE07869001993C9 /* NavigationAssembly.swift in Sources */,
				6E54187E2BE17448006A8F43 /* Resolve.swift in Sources */,
				6EF1F1A42BDF241100A823DF /* PokedexTests.swift in Sources */,
				6EE528662BE0569E003E076B /* GifImage.swift in Sources */,
			);
			runOnlyForDeploymentPostprocessing = 0;
		};
		6EF1F1A52BDF241100A823DF /* Sources */ = {
			isa = PBXSourcesBuildPhase;
			buildActionMask = 2147483647;
			files = (
				6EE5286C2BE057D7003E076B /* SplashScreen.swift in Sources */,
				6E6EA4292BE078C4001993C9 /* Assembler.swift in Sources */,
				6E6EA4302BE0831A001993C9 /* SplashScreenViewModel.swift in Sources */,
				6E54187F2BE17448006A8F43 /* Resolve.swift in Sources */,
				6E6EA4172BE07869001993C9 /* NavigationAssembly.swift in Sources */,
				6E6EA4202BE07869001993C9 /* Navigator.swift in Sources */,
				6E6EA42C2BE078C4001993C9 /* Inject.swift in Sources */,
				6E6EA4232BE07869001993C9 /* Screen.swift in Sources */,
				6EF1F1AE2BDF241100A823DF /* PokedexUITests.swift in Sources */,
				6EE528672BE0569E003E076B /* GifImage.swift in Sources */,
				6EF1F1B02BDF241100A823DF /* PokedexUITestsLaunchTests.swift in Sources */,
			);
			runOnlyForDeploymentPostprocessing = 0;
		};
/* End PBXSourcesBuildPhase section */

/* Begin PBXTargetDependency section */
		6EF1F1A12BDF241100A823DF /* PBXTargetDependency */ = {
			isa = PBXTargetDependency;
			target = 6EF1F18C2BDF241000A823DF /* Pokedex */;
			targetProxy = 6EF1F1A02BDF241100A823DF /* PBXContainerItemProxy */;
		};
		6EF1F1AB2BDF241100A823DF /* PBXTargetDependency */ = {
			isa = PBXTargetDependency;
			target = 6EF1F18C2BDF241000A823DF /* Pokedex */;
			targetProxy = 6EF1F1AA2BDF241100A823DF /* PBXContainerItemProxy */;
		};
/* End PBXTargetDependency section */

/* Begin XCBuildConfiguration section */
		6EF1F1B12BDF241100A823DF /* Debug */ = {
			isa = XCBuildConfiguration;
			buildSettings = {
				ALWAYS_SEARCH_USER_PATHS = NO;
				ASSETCATALOG_COMPILER_GENERATE_SWIFT_ASSET_SYMBOL_EXTENSIONS = YES;
				CLANG_ANALYZER_NONNULL = YES;
				CLANG_ANALYZER_NUMBER_OBJECT_CONVERSION = YES_AGGRESSIVE;
				CLANG_CXX_LANGUAGE_STANDARD = "gnu++20";
				CLANG_ENABLE_MODULES = YES;
				CLANG_ENABLE_OBJC_ARC = YES;
				CLANG_ENABLE_OBJC_WEAK = YES;
				CLANG_WARN_BLOCK_CAPTURE_AUTORELEASING = YES;
				CLANG_WARN_BOOL_CONVERSION = YES;
				CLANG_WARN_COMMA = YES;
				CLANG_WARN_CONSTANT_CONVERSION = YES;
				CLANG_WARN_DEPRECATED_OBJC_IMPLEMENTATIONS = YES;
				CLANG_WARN_DIRECT_OBJC_ISA_USAGE = YES_ERROR;
				CLANG_WARN_DOCUMENTATION_COMMENTS = YES;
				CLANG_WARN_EMPTY_BODY = YES;
				CLANG_WARN_ENUM_CONVERSION = YES;
				CLANG_WARN_INFINITE_RECURSION = YES;
				CLANG_WARN_INT_CONVERSION = YES;
				CLANG_WARN_NON_LITERAL_NULL_CONVERSION = YES;
				CLANG_WARN_OBJC_IMPLICIT_RETAIN_SELF = YES;
				CLANG_WARN_OBJC_LITERAL_CONVERSION = YES;
				CLANG_WARN_OBJC_ROOT_CLASS = YES_ERROR;
				CLANG_WARN_QUOTED_INCLUDE_IN_FRAMEWORK_HEADER = YES;
				CLANG_WARN_RANGE_LOOP_ANALYSIS = YES;
				CLANG_WARN_STRICT_PROTOTYPES = YES;
				CLANG_WARN_SUSPICIOUS_MOVE = YES;
				CLANG_WARN_UNGUARDED_AVAILABILITY = YES_AGGRESSIVE;
				CLANG_WARN_UNREACHABLE_CODE = YES;
				CLANG_WARN__DUPLICATE_METHOD_MATCH = YES;
				COPY_PHASE_STRIP = NO;
				DEBUG_INFORMATION_FORMAT = dwarf;
				ENABLE_STRICT_OBJC_MSGSEND = YES;
				ENABLE_TESTABILITY = YES;
				ENABLE_USER_SCRIPT_SANDBOXING = YES;
				GCC_C_LANGUAGE_STANDARD = gnu17;
				GCC_DYNAMIC_NO_PIC = NO;
				GCC_NO_COMMON_BLOCKS = YES;
				GCC_OPTIMIZATION_LEVEL = 0;
				GCC_PREPROCESSOR_DEFINITIONS = (
					"DEBUG=1",
					"$(inherited)",
				);
				GCC_WARN_64_TO_32_BIT_CONVERSION = YES;
				GCC_WARN_ABOUT_RETURN_TYPE = YES_ERROR;
				GCC_WARN_UNDECLARED_SELECTOR = YES;
				GCC_WARN_UNINITIALIZED_AUTOS = YES_AGGRESSIVE;
				GCC_WARN_UNUSED_FUNCTION = YES;
				GCC_WARN_UNUSED_VARIABLE = YES;
				IPHONEOS_DEPLOYMENT_TARGET = 17.4;
				LOCALIZATION_PREFERS_STRING_CATALOGS = YES;
				MTL_ENABLE_DEBUG_INFO = INCLUDE_SOURCE;
				MTL_FAST_MATH = YES;
				ONLY_ACTIVE_ARCH = YES;
				SDKROOT = iphoneos;
				SWIFT_ACTIVE_COMPILATION_CONDITIONS = "DEBUG $(inherited)";
				SWIFT_OPTIMIZATION_LEVEL = "-Onone";
			};
			name = Debug;
		};
		6EF1F1B22BDF241100A823DF /* Release */ = {
			isa = XCBuildConfiguration;
			buildSettings = {
				ALWAYS_SEARCH_USER_PATHS = NO;
				ASSETCATALOG_COMPILER_GENERATE_SWIFT_ASSET_SYMBOL_EXTENSIONS = YES;
				CLANG_ANALYZER_NONNULL = YES;
				CLANG_ANALYZER_NUMBER_OBJECT_CONVERSION = YES_AGGRESSIVE;
				CLANG_CXX_LANGUAGE_STANDARD = "gnu++20";
				CLANG_ENABLE_MODULES = YES;
				CLANG_ENABLE_OBJC_ARC = YES;
				CLANG_ENABLE_OBJC_WEAK = YES;
				CLANG_WARN_BLOCK_CAPTURE_AUTORELEASING = YES;
				CLANG_WARN_BOOL_CONVERSION = YES;
				CLANG_WARN_COMMA = YES;
				CLANG_WARN_CONSTANT_CONVERSION = YES;
				CLANG_WARN_DEPRECATED_OBJC_IMPLEMENTATIONS = YES;
				CLANG_WARN_DIRECT_OBJC_ISA_USAGE = YES_ERROR;
				CLANG_WARN_DOCUMENTATION_COMMENTS = YES;
				CLANG_WARN_EMPTY_BODY = YES;
				CLANG_WARN_ENUM_CONVERSION = YES;
				CLANG_WARN_INFINITE_RECURSION = YES;
				CLANG_WARN_INT_CONVERSION = YES;
				CLANG_WARN_NON_LITERAL_NULL_CONVERSION = YES;
				CLANG_WARN_OBJC_IMPLICIT_RETAIN_SELF = YES;
				CLANG_WARN_OBJC_LITERAL_CONVERSION = YES;
				CLANG_WARN_OBJC_ROOT_CLASS = YES_ERROR;
				CLANG_WARN_QUOTED_INCLUDE_IN_FRAMEWORK_HEADER = YES;
				CLANG_WARN_RANGE_LOOP_ANALYSIS = YES;
				CLANG_WARN_STRICT_PROTOTYPES = YES;
				CLANG_WARN_SUSPICIOUS_MOVE = YES;
				CLANG_WARN_UNGUARDED_AVAILABILITY = YES_AGGRESSIVE;
				CLANG_WARN_UNREACHABLE_CODE = YES;
				CLANG_WARN__DUPLICATE_METHOD_MATCH = YES;
				COPY_PHASE_STRIP = NO;
				DEBUG_INFORMATION_FORMAT = "dwarf-with-dsym";
				ENABLE_NS_ASSERTIONS = NO;
				ENABLE_STRICT_OBJC_MSGSEND = YES;
				ENABLE_USER_SCRIPT_SANDBOXING = YES;
				GCC_C_LANGUAGE_STANDARD = gnu17;
				GCC_NO_COMMON_BLOCKS = YES;
				GCC_WARN_64_TO_32_BIT_CONVERSION = YES;
				GCC_WARN_ABOUT_RETURN_TYPE = YES_ERROR;
				GCC_WARN_UNDECLARED_SELECTOR = YES;
				GCC_WARN_UNINITIALIZED_AUTOS = YES_AGGRESSIVE;
				GCC_WARN_UNUSED_FUNCTION = YES;
				GCC_WARN_UNUSED_VARIABLE = YES;
				IPHONEOS_DEPLOYMENT_TARGET = 17.4;
				LOCALIZATION_PREFERS_STRING_CATALOGS = YES;
				MTL_ENABLE_DEBUG_INFO = NO;
				MTL_FAST_MATH = YES;
				SDKROOT = iphoneos;
				SWIFT_COMPILATION_MODE = wholemodule;
				VALIDATE_PRODUCT = YES;
			};
			name = Release;
		};
		6EF1F1B42BDF241100A823DF /* Debug */ = {
			isa = XCBuildConfiguration;
			baseConfigurationReference = F46F2FB3D0C2E5CC10300420 /* Pods-Pokedex.debug.xcconfig */;
			buildSettings = {
				ASSETCATALOG_COMPILER_APPICON_NAME = AppIcon;
				ASSETCATALOG_COMPILER_GLOBAL_ACCENT_COLOR_NAME = AccentColor;
				CODE_SIGN_STYLE = Automatic;
				CURRENT_PROJECT_VERSION = 1;
				DEVELOPMENT_ASSET_PATHS = "\"Pokedex/Preview Content\"";
				ENABLE_PREVIEWS = YES;
				ENABLE_USER_SCRIPT_SANDBOXING = NO;
				GENERATE_INFOPLIST_FILE = YES;
				INFOPLIST_KEY_CFBundleDisplayName = "Pokédex";
				INFOPLIST_KEY_UIApplicationSceneManifest_Generation = YES;
				INFOPLIST_KEY_UIApplicationSupportsIndirectInputEvents = YES;
				INFOPLIST_KEY_UILaunchScreen_Generation = YES;
				INFOPLIST_KEY_UISupportedInterfaceOrientations = UIInterfaceOrientationPortrait;
				IPHONEOS_DEPLOYMENT_TARGET = 16.0;
				LD_RUNPATH_SEARCH_PATHS = (
					"$(inherited)",
					"@executable_path/Frameworks",
				);
				MARKETING_VERSION = 1.0;
				PRODUCT_BUNDLE_IDENTIFIER = vip.devpro.pokedex.Pokedex;
				PRODUCT_NAME = "$(TARGET_NAME)";
				SUPPORTED_PLATFORMS = "iphoneos iphonesimulator";
				SUPPORTS_MACCATALYST = NO;
				SUPPORTS_MAC_DESIGNED_FOR_IPHONE_IPAD = NO;
				SUPPORTS_XR_DESIGNED_FOR_IPHONE_IPAD = NO;
				SWIFT_EMIT_LOC_STRINGS = YES;
				SWIFT_VERSION = 5.0;
				TARGETED_DEVICE_FAMILY = "1,2";
			};
			name = Debug;
		};
		6EF1F1B52BDF241100A823DF /* Release */ = {
			isa = XCBuildConfiguration;
			baseConfigurationReference = F947CADE6B4B2DCDB2196A41 /* Pods-Pokedex.release.xcconfig */;
			buildSettings = {
				ASSETCATALOG_COMPILER_APPICON_NAME = AppIcon;
				ASSETCATALOG_COMPILER_GLOBAL_ACCENT_COLOR_NAME = AccentColor;
				CODE_SIGN_STYLE = Automatic;
				CURRENT_PROJECT_VERSION = 1;
				DEVELOPMENT_ASSET_PATHS = "\"Pokedex/Preview Content\"";
				ENABLE_PREVIEWS = YES;
				ENABLE_USER_SCRIPT_SANDBOXING = NO;
				GENERATE_INFOPLIST_FILE = YES;
				INFOPLIST_KEY_CFBundleDisplayName = "Pokédex";
				INFOPLIST_KEY_UIApplicationSceneManifest_Generation = YES;
				INFOPLIST_KEY_UIApplicationSupportsIndirectInputEvents = YES;
				INFOPLIST_KEY_UILaunchScreen_Generation = YES;
				INFOPLIST_KEY_UISupportedInterfaceOrientations = UIInterfaceOrientationPortrait;
				IPHONEOS_DEPLOYMENT_TARGET = 16.0;
				LD_RUNPATH_SEARCH_PATHS = (
					"$(inherited)",
					"@executable_path/Frameworks",
				);
				MARKETING_VERSION = 1.0;
				PRODUCT_BUNDLE_IDENTIFIER = vip.devpro.pokedex.Pokedex;
				PRODUCT_NAME = "$(TARGET_NAME)";
				SUPPORTED_PLATFORMS = "iphoneos iphonesimulator";
				SUPPORTS_MACCATALYST = NO;
				SUPPORTS_MAC_DESIGNED_FOR_IPHONE_IPAD = NO;
				SUPPORTS_XR_DESIGNED_FOR_IPHONE_IPAD = NO;
				SWIFT_EMIT_LOC_STRINGS = YES;
				SWIFT_VERSION = 5.0;
				TARGETED_DEVICE_FAMILY = "1,2";
			};
			name = Release;
		};
		6EF1F1B72BDF241100A823DF /* Debug */ = {
			isa = XCBuildConfiguration;
			baseConfigurationReference = 71F619EACBF5BD30195C42C4 /* Pods-PokedexTests.debug.xcconfig */;
			buildSettings = {
				ALWAYS_EMBED_SWIFT_STANDARD_LIBRARIES = YES;
				BUNDLE_LOADER = "$(TEST_HOST)";
				CODE_SIGN_STYLE = Automatic;
				CURRENT_PROJECT_VERSION = 1;
				GENERATE_INFOPLIST_FILE = YES;
				IPHONEOS_DEPLOYMENT_TARGET = 16.0;
				MARKETING_VERSION = 1.0;
				PRODUCT_BUNDLE_IDENTIFIER = vip.devpro.pokedex.PokedexTests;
				PRODUCT_NAME = "$(TARGET_NAME)";
				SUPPORTED_PLATFORMS = "iphoneos iphonesimulator";
				SUPPORTS_MACCATALYST = NO;
				SUPPORTS_MAC_DESIGNED_FOR_IPHONE_IPAD = NO;
				SUPPORTS_XR_DESIGNED_FOR_IPHONE_IPAD = NO;
				SWIFT_EMIT_LOC_STRINGS = NO;
				SWIFT_VERSION = 5.0;
				TARGETED_DEVICE_FAMILY = "1,2";
				TEST_HOST = "$(BUILT_PRODUCTS_DIR)/Pokedex.app/$(BUNDLE_EXECUTABLE_FOLDER_PATH)/Pokedex";
			};
			name = Debug;
		};
		6EF1F1B82BDF241100A823DF /* Release */ = {
			isa = XCBuildConfiguration;
			baseConfigurationReference = A409896C9722E40BA05C350B /* Pods-PokedexTests.release.xcconfig */;
			buildSettings = {
				ALWAYS_EMBED_SWIFT_STANDARD_LIBRARIES = YES;
				BUNDLE_LOADER = "$(TEST_HOST)";
				CODE_SIGN_STYLE = Automatic;
				CURRENT_PROJECT_VERSION = 1;
				GENERATE_INFOPLIST_FILE = YES;
				IPHONEOS_DEPLOYMENT_TARGET = 16.0;
				MARKETING_VERSION = 1.0;
				PRODUCT_BUNDLE_IDENTIFIER = vip.devpro.pokedex.PokedexTests;
				PRODUCT_NAME = "$(TARGET_NAME)";
				SUPPORTED_PLATFORMS = "iphoneos iphonesimulator";
				SUPPORTS_MACCATALYST = NO;
				SUPPORTS_MAC_DESIGNED_FOR_IPHONE_IPAD = NO;
				SUPPORTS_XR_DESIGNED_FOR_IPHONE_IPAD = NO;
				SWIFT_EMIT_LOC_STRINGS = NO;
				SWIFT_VERSION = 5.0;
				TARGETED_DEVICE_FAMILY = "1,2";
				TEST_HOST = "$(BUILT_PRODUCTS_DIR)/Pokedex.app/$(BUNDLE_EXECUTABLE_FOLDER_PATH)/Pokedex";
			};
			name = Release;
		};
		6EF1F1BA2BDF241100A823DF /* Debug */ = {
			isa = XCBuildConfiguration;
			baseConfigurationReference = 78E63E53F903BBFA62C211F9 /* Pods-Pokedex-PokedexUITests.debug.xcconfig */;
			buildSettings = {
				ALWAYS_EMBED_SWIFT_STANDARD_LIBRARIES = YES;
				CODE_SIGN_STYLE = Automatic;
				CURRENT_PROJECT_VERSION = 1;
				ENABLE_USER_SCRIPT_SANDBOXING = NO;
				GENERATE_INFOPLIST_FILE = YES;
				IPHONEOS_DEPLOYMENT_TARGET = 16.0;
				MARKETING_VERSION = 1.0;
				PRODUCT_BUNDLE_IDENTIFIER = vip.devpro.pokedex.PokedexUITests;
				PRODUCT_NAME = "$(TARGET_NAME)";
				SUPPORTED_PLATFORMS = "iphoneos iphonesimulator";
				SUPPORTS_MACCATALYST = NO;
				SUPPORTS_MAC_DESIGNED_FOR_IPHONE_IPAD = NO;
				SUPPORTS_XR_DESIGNED_FOR_IPHONE_IPAD = NO;
				SWIFT_EMIT_LOC_STRINGS = NO;
				SWIFT_VERSION = 5.0;
				TARGETED_DEVICE_FAMILY = "1,2";
				TEST_TARGET_NAME = Pokedex;
			};
			name = Debug;
		};
		6EF1F1BB2BDF241100A823DF /* Release */ = {
			isa = XCBuildConfiguration;
			baseConfigurationReference = B2F658E36C254571A2C562AB /* Pods-Pokedex-PokedexUITests.release.xcconfig */;
			buildSettings = {
				ALWAYS_EMBED_SWIFT_STANDARD_LIBRARIES = YES;
				CODE_SIGN_STYLE = Automatic;
				CURRENT_PROJECT_VERSION = 1;
				ENABLE_USER_SCRIPT_SANDBOXING = NO;
				GENERATE_INFOPLIST_FILE = YES;
				IPHONEOS_DEPLOYMENT_TARGET = 16.0;
				MARKETING_VERSION = 1.0;
				PRODUCT_BUNDLE_IDENTIFIER = vip.devpro.pokedex.PokedexUITests;
				PRODUCT_NAME = "$(TARGET_NAME)";
				SUPPORTED_PLATFORMS = "iphoneos iphonesimulator";
				SUPPORTS_MACCATALYST = NO;
				SUPPORTS_MAC_DESIGNED_FOR_IPHONE_IPAD = NO;
				SUPPORTS_XR_DESIGNED_FOR_IPHONE_IPAD = NO;
				SWIFT_EMIT_LOC_STRINGS = NO;
				SWIFT_VERSION = 5.0;
				TARGETED_DEVICE_FAMILY = "1,2";
				TEST_TARGET_NAME = Pokedex;
			};
			name = Release;
		};
/* End XCBuildConfiguration section */

/* Begin XCConfigurationList section */
		6EF1F1882BDF241000A823DF /* Build configuration list for PBXProject "Pokedex" */ = {
			isa = XCConfigurationList;
			buildConfigurations = (
				6EF1F1B12BDF241100A823DF /* Debug */,
				6EF1F1B22BDF241100A823DF /* Release */,
			);
			defaultConfigurationIsVisible = 0;
			defaultConfigurationName = Release;
		};
		6EF1F1B32BDF241100A823DF /* Build configuration list for PBXNativeTarget "Pokedex" */ = {
			isa = XCConfigurationList;
			buildConfigurations = (
				6EF1F1B42BDF241100A823DF /* Debug */,
				6EF1F1B52BDF241100A823DF /* Release */,
			);
			defaultConfigurationIsVisible = 0;
			defaultConfigurationName = Release;
		};
		6EF1F1B62BDF241100A823DF /* Build configuration list for PBXNativeTarget "PokedexTests" */ = {
			isa = XCConfigurationList;
			buildConfigurations = (
				6EF1F1B72BDF241100A823DF /* Debug */,
				6EF1F1B82BDF241100A823DF /* Release */,
			);
			defaultConfigurationIsVisible = 0;
			defaultConfigurationName = Release;
		};
		6EF1F1B92BDF241100A823DF /* Build configuration list for PBXNativeTarget "PokedexUITests" */ = {
			isa = XCConfigurationList;
			buildConfigurations = (
				6EF1F1BA2BDF241100A823DF /* Debug */,
				6EF1F1BB2BDF241100A823DF /* Release */,
			);
			defaultConfigurationIsVisible = 0;
			defaultConfigurationName = Release;
		};
/* End XCConfigurationList section */
	};
	rootObject = 6EF1F1852BDF241000A823DF /* Project object */;
}
